
Microsoft Visual Studio Solution File, Format Version 12.00
# Visual Studio Version 16
VisualStudioVersion = 16.0.30804.86
MinimumVisualStudioVersion = 10.0.40219.1
Project("{FAE04EC0-301F-11D3-BF4B-00C04F79EFBC}") = "WindowsFormsApp72", "WindowsFormsApp72\WindowsFormsApp72.csproj", "{32F0DE00-35C1-4010-8C5B-CA6DA1C6E490}"
EndProject
Global
	GlobalSection(SolutionConfigurationPlatforms) = preSolution
		Debug|Any CPU = Debug|Any CPU
		Release|Any CPU = Release|Any CPU
	EndGlobalSection
	GlobalSection(ProjectConfigurationPlatforms) = postSolution
		{32F0DE00-35C1-4010-8C5B-CA6DA1C6E490}.Debug|Any CPU.ActiveCfg = Debug|Any CPU
		{32F0DE00-35C1-4010-8C5B-CA6DA1C6E490}.Debug|Any CPU.Build.0 = Debug|Any CPU
		{32F0DE00-35C1-4010-8C5B-CA6DA1C6E490}.Release|Any CPU.ActiveCfg = Release|Any CPU
		{32F0DE00-35C1-4010-8C5B-CA6DA1C6E490}.Release|Any CPU.Build.0 = Release|Any CPU
	EndGlobalSection
	GlobalSection(SolutionProperties) = preSolution
		HideSolutionNode = FALSE
	EndGlobalSection
	GlobalSection(ExtensibilityGlobals) = postSolution
		SolutionGuid = {E15A8A0E-879F-47D8-AD0D-3E96FE62061A}
	EndGlobalSection
EndGlobal
